
Microsoft Visual Studio Solution File, Format Version 12.00
# Visual Studio Version 16
VisualStudioVersion = 16.0.31729.503
MinimumVisualStudioVersion = 10.0.40219.1
Project("{FAE04EC0-301F-11D3-BF4B-00C04F79EFBC}") = "UltraCalculator", "UltraCalculator\UltraCalculator.csproj", "{8596DD0C-1782-4064-AD92-195E67267945}"
EndProject
Global
	GlobalSection(SolutionConfigurationPlatforms) = preSolution
		Debug|Any CPU = Debug|Any CPU
		Release|Any CPU = Release|Any CPU
	EndGlobalSection
	GlobalSection(ProjectConfigurationPlatforms) = postSolution
		{8596DD0C-1782-4064-AD92-195E67267945}.Debug|Any CPU.ActiveCfg = Debug|Any CPU
		{8596DD0C-1782-4064-AD92-195E67267945}.Debug|Any CPU.Build.0 = Debug|Any CPU
		{8596DD0C-1782-4064-AD92-195E67267945}.Release|Any CPU.ActiveCfg = Release|Any CPU
		{8596DD0C-1782-4064-AD92-195E67267945}.Release|Any CPU.Build.0 = Release|Any CPU
	EndGlobalSection
	GlobalSection(SolutionProperties) = preSolution
		HideSolutionNode = FALSE
	EndGlobalSection
	GlobalSection(ExtensibilityGlobals) = postSolution
		SolutionGuid = {C5AD9B3A-BEDC-4100-90BE-30B8C572716D}
	EndGlobalSection
EndGlobal
